
Microsoft Visual Studio Solution File, Format Version 12.00
# Visual Studio 15
VisualStudioVersion = 15.0.27004.2009
MinimumVisualStudioVersion = 10.0.40219.1
Project("{9A19103F-16F7-4668-BE54-9A1E7A4F7556}") = "menuexplorerfuncapp", "menuexplorerfuncapp.csproj", "{40A634F8-4620-4867-9007-0A08BFEE0D49}"
EndProject
Global
	GlobalSection(SolutionConfigurationPlatforms) = preSolution
		Debug|Any CPU = Debug|Any CPU
		Release|Any CPU = Release|Any CPU
	EndGlobalSection
	GlobalSection(ProjectConfigurationPlatforms) = postSolution
		{40A634F8-4620-4867-9007-0A08BFEE0D49}.Debug|Any CPU.ActiveCfg = Debug|Any CPU
		{40A634F8-4620-4867-9007-0A08BFEE0D49}.Debug|Any CPU.Build.0 = Debug|Any CPU
		{40A634F8-4620-4867-9007-0A08BFEE0D49}.Release|Any CPU.ActiveCfg = Release|Any CPU
		{40A634F8-4620-4867-9007-0A08BFEE0D49}.Release|Any CPU.Build.0 = Release|Any CPU
	EndGlobalSection
	GlobalSection(SolutionProperties) = preSolution
		HideSolutionNode = FALSE
	EndGlobalSection
	GlobalSection(ExtensibilityGlobals) = postSolution
		SolutionGuid = {2D7A0E65-21C6-4A2B-A3C7-579CCCD54745}
	EndGlobalSection
EndGlobal
